// !$*UTF8*$!
{
	archiveVersion = 1;
	classes = {
	};
	objectVersion = 50;
	objects = {

/* Begin PBXBuildFile section */
		2978312D26FDE241009A5344 /* SimpleClockApp.swift in Sources */ = {isa = PBXBuildFile; fileRef = 2978312C26FDE241009A5344 /* SimpleClockApp.swift */; };
		2978312F26FDE241009A5344 /* ContentView.swift in Sources */ = {isa = PBXBuildFile; fileRef = 2978312E26FDE241009A5344 /* ContentView.swift */; };
		2978313126FDE243009A5344 /* Assets.xcassets in Resources */ = {isa = PBXBuildFile; fileRef = 2978313026FDE243009A5344 /* Assets.xcassets */; };
		2978313426FDE243009A5344 /* Preview Assets.xcassets in Resources */ = {isa = PBXBuildFile; fileRef = 2978313326FDE243009A5344 /* Preview Assets.xcassets */; };
		2978313F26FDE243009A5344 /* SimpleClockTests.swift in Sources */ = {isa = PBXBuildFile; fileRef = 2978313E26FDE243009A5344 /* SimpleClockTests.swift */; };
		2978314A26FDE243009A5344 /* SimpleClockUITests.swift in Sources */ = {isa = PBXBuildFile; fileRef = 2978314926FDE243009A5344 /* SimpleClockUITests.swift */; };
/* End PBXBuildFile section */

/* Begin PBXContainerItemProxy section */
		2978313B26FDE243009A5344 /* PBXContainerItemProxy */ = {
			isa = PBXContainerItemProxy;
			containerPortal = 2978312126FDE241009A5344 /* Project object */;
			proxyType = 1;
			remoteGlobalIDString = 2978312826FDE241009A5344;
			remoteInfo = SimpleClock;
		};
		2978314626FDE243009A5344 /* PBXContainerItemProxy */ = {
			isa = PBXContainerItemProxy;
			containerPortal = 2978312126FDE241009A5344 /* Project object */;
			proxyType = 1;
			remoteGlobalIDString = 2978312826FDE241009A5344;
			remoteInfo = SimpleClock;
		};
/* End PBXContainerItemProxy section */

/* Begin PBXFileReference section */
		2978312926FDE241009A5344 /* SimpleClock.app */ = {isa = PBXFileReference; explicitFileType = wrapper.application; includeInIndex = 0; path = SimpleClock.app; sourceTree = BUILT_PRODUCTS_DIR; };
		2978312C26FDE241009A5344 /* SimpleClockApp.swift */ = {isa = PBXFileReference; lastKnownFileType = sourcecode.swift; path = SimpleClockApp.swift; sourceTree = "<group>"; };
		2978312E26FDE241009A5344 /* ContentView.swift */ = {isa = PBXFileReference; lastKnownFileType = sourcecode.swift; path = ContentView.swift; sourceTree = "<group>"; };
		2978313026FDE243009A5344 /* Assets.xcassets */ = {isa = PBXFileReference; lastKnownFileType = folder.assetcatalog; path = Assets.xcassets; sourceTree = "<group>"; };
		2978313326FDE243009A5344 /* Preview Assets.xcassets */ = {isa = PBXFileReference; lastKnownFileType = folder.assetcatalog; path = "Preview Assets.xcassets"; sourceTree = "<group>"; };
		2978313526FDE243009A5344 /* Info.plist */ = {isa = PBXFileReference; lastKnownFileType = text.plist.xml; path = Info.plist; sourceTree = "<group>"; };
		2978313A26FDE243009A5344 /* SimpleClockTests.xctest */ = {isa = PBXFileReference; explicitFileType = wrapper.cfbundle; includeInIndex = 0; path = SimpleClockTests.xctest; sourceTree = BUILT_PRODUCTS_DIR; };
		2978313E26FDE243009A5344 /* SimpleClockTests.swift */ = {isa = PBXFileReference; lastKnownFileType = sourcecode.swift; path = SimpleClockTests.swift; sourceTree = "<group>"; };
		2978314026FDE243009A5344 /* Info.plist */ = {isa = PBXFileReference; lastKnownFileType = text.plist.xml; path = Info.plist; sourceTree = "<group>"; };
		2978314526FDE243009A5344 /* SimpleClockUITests.xctest */ = {isa = PBXFileReference; explicitFileType = wrapper.cfbundle; includeInIndex = 0; path = SimpleClockUITests.xctest; sourceTree = BUILT_PRODUCTS_DIR; };
		2978314926FDE243009A5344 /* SimpleClockUITests.swift */ = {isa = PBXFileReference; lastKnownFileType = sourcecode.swift; path = SimpleClockUITests.swift; sourceTree = "<group>"; };
		2978314B26FDE243009A5344 /* Info.plist */ = {isa = PBXFileReference; lastKnownFileType = text.plist.xml; path = Info.plist; sourceTree = "<group>"; };
/* End PBXFileReference section */

/* Begin PBXFrameworksBuildPhase section */
		2978312626FDE241009A5344 /* Frameworks */ = {
			isa = PBXFrameworksBuildPhase;
			buildActionMask = 2147483647;
			files = (
			);
			runOnlyForDeploymentPostprocessing = 0;
		};
		2978313726FDE243009A5344 /* Frameworks */ = {
			isa = PBXFrameworksBuildPhase;
			buildActionMask = 2147483647;
			files = (
			);
			runOnlyForDeploymentPostprocessing = 0;
		};
		2978314226FDE243009A5344 /* Frameworks */ = {
			isa = PBXFrameworksBuildPhase;
			buildActionMask = 2147483647;
			files = (
			);
			runOnlyForDeploymentPostprocessing = 0;
		};
/* End PBXFrameworksBuildPhase section */

/* Begin PBXGroup section */
		2978312026FDE241009A5344 = {
			isa = PBXGroup;
			children = (
				2978312B26FDE241009A5344 /* SimpleClock */,
				2978313D26FDE243009A5344 /* SimpleClockTests */,
				2978314826FDE243009A5344 /* SimpleClockUITests */,
				2978312A26FDE241009A5344 /* Products */,
			);
			sourceTree = "<group>";
		};
		2978312A26FDE241009A5344 /* Products */ = {
			isa = PBXGroup;
			children = (
				2978312926FDE241009A5344 /* SimpleClock.app */,
				2978313A26FDE243009A5344 /* SimpleClockTests.xctest */,
				2978314526FDE243009A5344 /* SimpleClockUITests.xctest */,
			);
			name = Products;
			sourceTree = "<group>";
		};
		2978312B26FDE241009A5344 /* SimpleClock */ = {
			isa = PBXGroup;
			children = (
				2978312C26FDE241009A5344 /* SimpleClockApp.swift */,
				2978312E26FDE241009A5344 /* ContentView.swift */,
				2978313026FDE243009A5344 /* Assets.xcassets */,
				2978313526FDE243009A5344 /* Info.plist */,
				2978313226FDE243009A5344 /* Preview Content */,
			);
			path = SimpleClock;
			sourceTree = "<group>";
		};
		2978313226FDE243009A5344 /* Preview Content */ = {
			isa = PBXGroup;
			children = (
				2978313326FDE243009A5344 /* Preview Assets.xcassets */,
			);
			path = "Preview Content";
			sourceTree = "<group>";
		};
		2978313D26FDE243009A5344 /* SimpleClockTests */ = {
			isa = PBXGroup;
			children = (
				2978313E26FDE243009A5344 /* SimpleClockTests.swift */,
				2978314026FDE243009A5344 /* Info.plist */,
			);
			path = SimpleClockTests;
			sourceTree = "<group>";
		};
		2978314826FDE243009A5344 /* SimpleClockUITests */ = {
			isa = PBXGroup;
			children = (
				2978314926FDE243009A5344 /* SimpleClockUITests.swift */,
				2978314B26FDE243009A5344 /* Info.plist */,
			);
			path = SimpleClockUITests;
			sourceTree = "<group>";
		};
/* End PBXGroup section */

/* Begin PBXNativeTarget section */
		2978312826FDE241009A5344 /* SimpleClock */ = {
			isa = PBXNativeTarget;
			buildConfigurationList = 2978314E26FDE243009A5344 /* Build configuration list for PBXNativeTarget "SimpleClock" */;
			buildPhases = (
				2978312526FDE241009A5344 /* Sources */,
				2978312626FDE241009A5344 /* Frameworks */,
				2978312726FDE241009A5344 /* Resources */,
			);
			buildRules = (
			);
			dependencies = (
			);
			name = SimpleClock;
			productName = SimpleClock;
			productReference = 2978312926FDE241009A5344 /* SimpleClock.app */;
			productType = "com.apple.product-type.application";
		};
		2978313926FDE243009A5344 /* SimpleClockTests */ = {
			isa = PBXNativeTarget;
			buildConfigurationList = 2978315126FDE243009A5344 /* Build configuration list for PBXNativeTarget "SimpleClockTests" */;
			buildPhases = (
				2978313626FDE243009A5344 /* Sources */,
				2978313726FDE243009A5344 /* Frameworks */,
				2978313826FDE243009A5344 /* Resources */,
			);
			buildRules = (
			);
			dependencies = (
				2978313C26FDE243009A5344 /* PBXTargetDependency */,
			);
			name = SimpleClockTests;
			productName = SimpleClockTests;
			productReference = 2978313A26FDE243009A5344 /* SimpleClockTests.xctest */;
			productType = "com.apple.product-type.bundle.unit-test";
		};
		2978314426FDE243009A5344 /* SimpleClockUITests */ = {
			isa = PBXNativeTarget;
			buildConfigurationList = 2978315426FDE243009A5344 /* Build configuration list for PBXNativeTarget "SimpleClockUITests" */;
			buildPhases = (
				2978314126FDE243009A5344 /* Sources */,
				2978314226FDE243009A5344 /* Frameworks */,
				2978314326FDE243009A5344 /* Resources */,
			);
			buildRules = (
			);
			dependencies = (
				2978314726FDE243009A5344 /* PBXTargetDependency */,
			);
			name = SimpleClockUITests;
			productName = SimpleClockUITests;
			productReference = 2978314526FDE243009A5344 /* SimpleClockUITests.xctest */;
			productType = "com.apple.product-type.bundle.ui-testing";
		};
/* End PBXNativeTarget section */

/* Begin PBXProject section */
		2978312126FDE241009A5344 /* Project object */ = {
			isa = PBXProject;
			attributes = {
				LastSwiftUpdateCheck = 1240;
				LastUpgradeCheck = 1240;
				TargetAttributes = {
					2978312826FDE241009A5344 = {
						CreatedOnToolsVersion = 12.4;
					};
					2978313926FDE243009A5344 = {
						CreatedOnToolsVersion = 12.4;
						TestTargetID = 2978312826FDE241009A5344;
					};
					2978314426FDE243009A5344 = {
						CreatedOnToolsVersion = 12.4;
						TestTargetID = 2978312826FDE241009A5344;
					};
				};
			};
			buildConfigurationList = 2978312426FDE241009A5344 /* Build configuration list for PBXProject "SimpleClock" */;
			compatibilityVersion = "Xcode 9.3";
			developmentRegion = en;
			hasScannedForEncodings = 0;
			knownRegions = (
				en,
				Base,
			);
			mainGroup = 2978312026FDE241009A5344;
			productRefGroup = 2978312A26FDE241009A5344 /* Products */;
			projectDirPath = "";
			projectRoot = "";
			targets = (
				2978312826FDE241009A5344 /* SimpleClock */,
				2978313926FDE243009A5344 /* SimpleClockTests */,
				2978314426FDE243009A5344 /* SimpleClockUITests */,
			);
		};
/* End PBXProject section */

/* Begin PBXResourcesBuildPhase section */
		2978312726FDE241009A5344 /* Resources */ = {
			isa = PBXResourcesBuildPhase;
			buildActionMask = 2147483647;
			files = (
				2978313426FDE243009A5344 /* Preview Assets.xcassets in Resources */,
				2978313126FDE243009A5344 /* Assets.xcassets in Resources */,
			);
			runOnlyForDeploymentPostprocessing = 0;
		};
		2978313826FDE243009A5344 /* Resources */ = {
			isa = PBXResourcesBuildPhase;
			buildActionMask = 2147483647;
			files = (
			);
			runOnlyForDeploymentPostprocessing = 0;
		};
		2978314326FDE243009A5344 /* Resources */ = {
			isa = PBXResourcesBuildPhase;
			buildActionMask = 2147483647;
			files = (
			);
			runOnlyForDeploymentPostprocessing = 0;
		};
/* End PBXResourcesBuildPhase section */

/* Begin PBXSourcesBuildPhase section */
		2978312526FDE241009A5344 /* Sources */ = {
			isa = PBXSourcesBuildPhase;
			buildActionMask = 2147483647;
			files = (
				2978312F26FDE241009A5344 /* ContentView.swift in Sources */,
				2978312D26FDE241009A5344 /* SimpleClockApp.swift in Sources */,
			);
			runOnlyForDeploymentPostprocessing = 0;
		};
		2978313626FDE243009A5344 /* Sources */ = {
			isa = PBXSourcesBuildPhase;
			buildActionMask = 2147483647;
			files = (
				2978313F26FDE243009A5344 /* SimpleClockTests.swift in Sources */,
			);
			runOnlyForDeploymentPostprocessing = 0;
		};
		2978314126FDE243009A5344 /* Sources */ = {
			isa = PBXSourcesBuildPhase;
			buildActionMask = 2147483647;
			files = (
				2978314A26FDE243009A5344 /* SimpleClockUITests.swift in Sources */,
			);
			runOnlyForDeploymentPostprocessing = 0;
		};
/* End PBXSourcesBuildPhase section */

/* Begin PBXTargetDependency section */
		2978313C26FDE243009A5344 /* PBXTargetDependency */ = {
			isa = PBXTargetDependency;
			target = 2978312826FDE241009A5344 /* SimpleClock */;
			targetProxy = 2978313B26FDE243009A5344 /* PBXContainerItemProxy */;
		};
		2978314726FDE243009A5344 /* PBXTargetDependency */ = {
			isa = PBXTargetDependency;
			target = 2978312826FDE241009A5344 /* SimpleClock */;
			targetProxy = 2978314626FDE243009A5344 /* PBXContainerItemProxy */;
		};
/* End PBXTargetDependency section */

/* Begin XCBuildConfiguration section */
		2978314C26FDE243009A5344 /* Debug */ = {
			isa = XCBuildConfiguration;
			buildSettings = {
				ALWAYS_SEARCH_USER_PATHS = NO;
				CLANG_ANALYZER_NONNULL = YES;
				CLANG_ANALYZER_NUMBER_OBJECT_CONVERSION = YES_AGGRESSIVE;
				CLANG_CXX_LANGUAGE_STANDARD = "gnu++14";
				CLANG_CXX_LIBRARY = "libc++";
				CLANG_ENABLE_MODULES = YES;
				CLANG_ENABLE_OBJC_ARC = YES;
				CLANG_ENABLE_OBJC_WEAK = YES;
				CLANG_WARN_BLOCK_CAPTURE_AUTORELEASING = YES;
				CLANG_WARN_BOOL_CONVERSION = YES;
				CLANG_WARN_COMMA = YES;
				CLANG_WARN_CONSTANT_CONVERSION = YES;
				CLANG_WARN_DEPRECATED_OBJC_IMPLEMENTATIONS = YES;
				CLANG_WARN_DIRECT_OBJC_ISA_USAGE = YES_ERROR;
				CLANG_WARN_DOCUMENTATION_COMMENTS = YES;
				CLANG_WARN_EMPTY_BODY = YES;
				CLANG_WARN_ENUM_CONVERSION = YES;
				CLANG_WARN_INFINITE_RECURSION = YES;
				CLANG_WARN_INT_CONVERSION = YES;
				CLANG_WARN_NON_LITERAL_NULL_CONVERSION = YES;
				CLANG_WARN_OBJC_IMPLICIT_RETAIN_SELF = YES;
				CLANG_WARN_OBJC_LITERAL_CONVERSION = YES;
				CLANG_WARN_OBJC_ROOT_CLASS = YES_ERROR;
				CLANG_WARN_QUOTED_INCLUDE_IN_FRAMEWORK_HEADER = YES;
				CLANG_WARN_RANGE_LOOP_ANALYSIS = YES;
				CLANG_WARN_STRICT_PROTOTYPES = YES;
				CLANG_WARN_SUSPICIOUS_MOVE = YES;
				CLANG_WARN_UNGUARDED_AVAILABILITY = YES_AGGRESSIVE;
				CLANG_WARN_UNREACHABLE_CODE = YES;
				CLANG_WARN__DUPLICATE_METHOD_MATCH = YES;
				COPY_PHASE_STRIP = NO;
				DEBUG_INFORMATION_FORMAT = dwarf;
				ENABLE_STRICT_OBJC_MSGSEND = YES;
				ENABLE_TESTABILITY = YES;
				GCC_C_LANGUAGE_STANDARD = gnu11;
				GCC_DYNAMIC_NO_PIC = NO;
				GCC_NO_COMMON_BLOCKS = YES;
				GCC_OPTIMIZATION_LEVEL = 0;
				GCC_PREPROCESSOR_DEFINITIONS = (
					"DEBUG=1",
					"$(inherited)",
				);
				GCC_WARN_64_TO_32_BIT_CONVERSION = YES;
				GCC_WARN_ABOUT_RETURN_TYPE = YES_ERROR;
				GCC_WARN_UNDECLARED_SELECTOR = YES;
				GCC_WARN_UNINITIALIZED_AUTOS = YES_AGGRESSIVE;
				GCC_WARN_UNUSED_FUNCTION = YES;
				GCC_WARN_UNUSED_VARIABLE = YES;
				IPHONEOS_DEPLOYMENT_TARGET = 14.4;
				MTL_ENABLE_DEBUG_INFO = INCLUDE_SOURCE;
				MTL_FAST_MATH = YES;
				ONLY_ACTIVE_ARCH = YES;
				SDKROOT = iphoneos;
				SWIFT_ACTIVE_COMPILATION_CONDITIONS = DEBUG;
				SWIFT_OPTIMIZATION_LEVEL = "-Onone";
			};
			name = Debug;
		};
		2978314D26FDE243009A5344 /* Release */ = {
			isa = XCBuildConfiguration;
			buildSettings = {
				ALWAYS_SEARCH_USER_PATHS = NO;
				CLANG_ANALYZER_NONNULL = YES;
				CLANG_ANALYZER_NUMBER_OBJECT_CONVERSION = YES_AGGRESSIVE;
				CLANG_CXX_LANGUAGE_STANDARD = "gnu++14";
				CLANG_CXX_LIBRARY = "libc++";
				CLANG_ENABLE_MODULES = YES;
				CLANG_ENABLE_OBJC_ARC = YES;
				CLANG_ENABLE_OBJC_WEAK = YES;
				CLANG_WARN_BLOCK_CAPTURE_AUTORELEASING = YES;
				CLANG_WARN_BOOL_CONVERSION = YES;
				CLANG_WARN_COMMA = YES;
				CLANG_WARN_CONSTANT_CONVERSION = YES;
				CLANG_WARN_DEPRECATED_OBJC_IMPLEMENTATIONS = YES;
				CLANG_WARN_DIRECT_OBJC_ISA_USAGE = YES_ERROR;
				CLANG_WARN_DOCUMENTATION_COMMENTS = YES;
				CLANG_WARN_EMPTY_BODY = YES;
				CLANG_WARN_ENUM_CONVERSION = YES;
				CLANG_WARN_INFINITE_RECURSION = YES;
				CLANG_WARN_INT_CONVERSION = YES;
				CLANG_WARN_NON_LITERAL_NULL_CONVERSION = YES;
				CLANG_WARN_OBJC_IMPLICIT_RETAIN_SELF = YES;
				CLANG_WARN_OBJC_LITERAL_CONVERSION = YES;
				CLANG_WARN_OBJC_ROOT_CLASS = YES_ERROR;
				CLANG_WARN_QUOTED_INCLUDE_IN_FRAMEWORK_HEADER = YES;
				CLANG_WARN_RANGE_LOOP_ANALYSIS = YES;
				CLANG_WARN_STRICT_PROTOTYPES = YES;
				CLANG_WARN_SUSPICIOUS_MOVE = YES;
				CLANG_WARN_UNGUARDED_AVAILABILITY = YES_AGGRESSIVE;
				CLANG_WARN_UNREACHABLE_CODE = YES;
				CLANG_WARN__DUPLICATE_METHOD_MATCH = YES;
				COPY_PHASE_STRIP = NO;
				DEBUG_INFORMATION_FORMAT = "dwarf-with-dsym";
				ENABLE_NS_ASSERTIONS = NO;
				ENABLE_STRICT_OBJC_MSGSEND = YES;
				GCC_C_LANGUAGE_STANDARD = gnu11;
				GCC_NO_COMMON_BLOCKS = YES;
				GCC_WARN_64_TO_32_BIT_CONVERSION = YES;
				GCC_WARN_ABOUT_RETURN_TYPE = YES_ERROR;
				GCC_WARN_UNDECLARED_SELECTOR = YES;
				GCC_WARN_UNINITIALIZED_AUTOS = YES_AGGRESSIVE;
				GCC_WARN_UNUSED_FUNCTION = YES;
				GCC_WARN_UNUSED_VARIABLE = YES;
				IPHONEOS_DEPLOYMENT_TARGET = 14.4;
				MTL_ENABLE_DEBUG_INFO = NO;
				MTL_FAST_MATH = YES;
				SDKROOT = iphoneos;
				SWIFT_COMPILATION_MODE = wholemodule;
				SWIFT_OPTIMIZATION_LEVEL = "-O";
				VALIDATE_PRODUCT = YES;
			};
			name = Release;
		};
		2978314F26FDE243009A5344 /* Debug */ = {
			isa = XCBuildConfiguration;
			buildSettings = {
				ASSETCATALOG_COMPILER_APPICON_NAME = AppIcon;
				ASSETCATALOG_COMPILER_GLOBAL_ACCENT_COLOR_NAME = AccentColor;
				CODE_SIGN_STYLE = Automatic;
				DEVELOPMENT_ASSET_PATHS = "\"SimpleClock/Preview Content\"";
				ENABLE_PREVIEWS = YES;
				INFOPLIST_FILE = SimpleClock/Info.plist;
				IPHONEOS_DEPLOYMENT_TARGET = 14.0;
				LD_RUNPATH_SEARCH_PATHS = (
					"$(inherited)",
					"@executable_path/Frameworks",
				);
				PRODUCT_BUNDLE_IDENTIFIER = Self.CO.SimpleClock;
				PRODUCT_NAME = "$(TARGET_NAME)";
				SWIFT_VERSION = 5.0;
				TARGETED_DEVICE_FAMILY = "1,2";
			};
			name = Debug;
		};
		2978315026FDE243009A5344 /* Release */ = {
			isa = XCBuildConfiguration;
			buildSettings = {
				ASSETCATALOG_COMPILER_APPICON_NAME = AppIcon;
				ASSETCATALOG_COMPILER_GLOBAL_ACCENT_COLOR_NAME = AccentColor;
				CODE_SIGN_STYLE = Automatic;
				DEVELOPMENT_ASSET_PATHS = "\"SimpleClock/Preview Content\"";
				ENABLE_PREVIEWS = YES;
				INFOPLIST_FILE = SimpleClock/Info.plist;
				IPHONEOS_DEPLOYMENT_TARGET = 14.0;
				LD_RUNPATH_SEARCH_PATHS = (
					"$(inherited)",
					"@executable_path/Frameworks",
				);
				PRODUCT_BUNDLE_IDENTIFIER = Self.CO.SimpleClock;
				PRODUCT_NAME = "$(TARGET_NAME)";
				SWIFT_VERSION = 5.0;
				TARGETED_DEVICE_FAMILY = "1,2";
			};
			name = Release;
		};
		2978315226FDE243009A5344 /* Debug */ = {
			isa = XCBuildConfiguration;
			buildSettings = {
				ALWAYS_EMBED_SWIFT_STANDARD_LIBRARIES = YES;
				BUNDLE_LOADER = "$(TEST_HOST)";
				CODE_SIGN_STYLE = Automatic;
				INFOPLIST_FILE = SimpleClockTests/Info.plist;
				IPHONEOS_DEPLOYMENT_TARGET = 14.0;
				LD_RUNPATH_SEARCH_PATHS = (
					"$(inherited)",
					"@executable_path/Frameworks",
					"@loader_path/Frameworks",
				);
				PRODUCT_BUNDLE_IDENTIFIER = Self.CO.SimpleClockTests;
				PRODUCT_NAME = "$(TARGET_NAME)";
				SWIFT_VERSION = 5.0;
				TARGETED_DEVICE_FAMILY = "1,2";
				TEST_HOST = "$(BUILT_PRODUCTS_DIR)/SimpleClock.app/SimpleClock";
			};
			name = Debug;
		};
		2978315326FDE243009A5344 /* Release */ = {
			isa = XCBuildConfiguration;
			buildSettings = {
				ALWAYS_EMBED_SWIFT_STANDARD_LIBRARIES = YES;
				BUNDLE_LOADER = "$(TEST_HOST)";
				CODE_SIGN_STYLE = Automatic;
				INFOPLIST_FILE = SimpleClockTests/Info.plist;
				IPHONEOS_DEPLOYMENT_TARGET = 14.0;
				LD_RUNPATH_SEARCH_PATHS = (
					"$(inherited)",
					"@executable_path/Frameworks",
					"@loader_path/Frameworks",
				);
				PRODUCT_BUNDLE_IDENTIFIER = Self.CO.SimpleClockTests;
				PRODUCT_NAME = "$(TARGET_NAME)";
				SWIFT_VERSION = 5.0;
				TARGETED_DEVICE_FAMILY = "1,2";
				TEST_HOST = "$(BUILT_PRODUCTS_DIR)/SimpleClock.app/SimpleClock";
			};
			name = Release;
		};
		2978315526FDE243009A5344 /* Debug */ = {
			isa = XCBuildConfiguration;
			buildSettings = {
				ALWAYS_EMBED_SWIFT_STANDARD_LIBRARIES = YES;
				CODE_SIGN_STYLE = Automatic;
				INFOPLIST_FILE = SimpleClockUITests/Info.plist;
				LD_RUNPATH_SEARCH_PATHS = (
					"$(inherited)",
					"@executable_path/Frameworks",
					"@loader_path/Frameworks",
				);
				PRODUCT_BUNDLE_IDENTIFIER = Self.CO.SimpleClockUITests;
				PRODUCT_NAME = "$(TARGET_NAME)";
				SWIFT_VERSION = 5.0;
				TARGETED_DEVICE_FAMILY = "1,2";
				TEST_TARGET_NAME = SimpleClock;
			};
			name = Debug;
		};
		2978315626FDE243009A5344 /* Release */ = {
			isa = XCBuildConfiguration;
			buildSettings = {
				ALWAYS_EMBED_SWIFT_STANDARD_LIBRARIES = YES;
				CODE_SIGN_STYLE = Automatic;
				INFOPLIST_FILE = SimpleClockUITests/Info.plist;
				LD_RUNPATH_SEARCH_PATHS = (
					"$(inherited)",
					"@executable_path/Frameworks",
					"@loader_path/Frameworks",
				);
				PRODUCT_BUNDLE_IDENTIFIER = Self.CO.SimpleClockUITests;
				PRODUCT_NAME = "$(TARGET_NAME)";
				SWIFT_VERSION = 5.0;
				TARGETED_DEVICE_FAMILY = "1,2";
				TEST_TARGET_NAME = SimpleClock;
			};
			name = Release;
		};
/* End XCBuildConfiguration section */

/* Begin XCConfigurationList section */
		2978312426FDE241009A5344 /* Build configuration list for PBXProject "SimpleClock" */ = {
			isa = XCConfigurationList;
			buildConfigurations = (
				2978314C26FDE243009A5344 /* Debug */,
				2978314D26FDE243009A5344 /* Release */,
			);
			defaultConfigurationIsVisible = 0;
			defaultConfigurationName = Release;
		};
		2978314E26FDE243009A5344 /* Build configuration list for PBXNativeTarget "SimpleClock" */ = {
			isa = XCConfigurationList;
			buildConfigurations = (
				2978314F26FDE243009A5344 /* Debug */,
				2978315026FDE243009A5344 /* Release */,
			);
			defaultConfigurationIsVisible = 0;
			defaultConfigurationName = Release;
		};
		2978315126FDE243009A5344 /* Build configuration list for PBXNativeTarget "SimpleClockTests" */ = {
			isa = XCConfigurationList;
			buildConfigurations = (
				2978315226FDE243009A5344 /* Debug */,
				2978315326FDE243009A5344 /* Release */,
			);
			defaultConfigurationIsVisible = 0;
			defaultConfigurationName = Release;
		};
		2978315426FDE243009A5344 /* Build configuration list for PBXNativeTarget "SimpleClockUITests" */ = {
			isa = XCConfigurationList;
			buildConfigurations = (
				2978315526FDE243009A5344 /* Debug */,
				2978315626FDE243009A5344 /* Release */,
			);
			defaultConfigurationIsVisible = 0;
			defaultConfigurationName = Release;
		};
/* End XCConfigurationList section */
	};
	rootObject = 2978312126FDE241009A5344 /* Project object */;
}
